
Microsoft Visual Studio Solution File, Format Version 11.00
# Visual Studio 2010
Project("{FAE04EC0-301F-11D3-BF4B-00C04F79EFBC}") = "Assembly-CSharp", "Assembly-CSharp.csproj", "{32004CDA-F1B1-9552-C08F-C9DCEE516C82}"
EndProject
Project("{FAE04EC0-301F-11D3-BF4B-00C04F79EFBC}") = "Assembly-CSharp-Editor", "Assembly-CSharp-Editor.csproj", "{A83EAF87-2A13-A1E2-2E97-9821C00AAFDC}"
EndProject
Global
	GlobalSection(SolutionConfigurationPlatforms) = preSolution
		Debug|Any CPU = Debug|Any CPU
		Release|Any CPU = Release|Any CPU
	EndGlobalSection
	GlobalSection(ProjectConfigurationPlatforms) = postSolution
		{32004CDA-F1B1-9552-C08F-C9DCEE516C82}.Debug|Any CPU.ActiveCfg = Debug|Any CPU
		{32004CDA-F1B1-9552-C08F-C9DCEE516C82}.Debug|Any CPU.Build.0 = Debug|Any CPU
		{32004CDA-F1B1-9552-C08F-C9DCEE516C82}.Release|Any CPU.ActiveCfg = Release|Any CPU
		{32004CDA-F1B1-9552-C08F-C9DCEE516C82}.Release|Any CPU.Build.0 = Release|Any CPU
		{A83EAF87-2A13-A1E2-2E97-9821C00AAFDC}.Debug|Any CPU.ActiveCfg = Debug|Any CPU
		{A83EAF87-2A13-A1E2-2E97-9821C00AAFDC}.Debug|Any CPU.Build.0 = Debug|Any CPU
		{A83EAF87-2A13-A1E2-2E97-9821C00AAFDC}.Release|Any CPU.ActiveCfg = Release|Any CPU
		{A83EAF87-2A13-A1E2-2E97-9821C00AAFDC}.Release|Any CPU.Build.0 = Release|Any CPU
	EndGlobalSection
	GlobalSection(SolutionProperties) = preSolution
		HideSolutionNode = FALSE
	EndGlobalSection
	GlobalSection(MonoDevelopProperties) = preSolution
		StartupItem = Assembly-CSharp.csproj
	EndGlobalSection
EndGlobal
